
Microsoft Visual Studio Solution File, Format Version 12.00
# Visual Studio Version 16
VisualStudioVersion = 16.0.30804.86
MinimumVisualStudioVersion = 10.0.40219.1
Project("{FAE04EC0-301F-11D3-BF4B-00C04F79EFBC}") = "01", "01\01.csproj", "{1641609B-CBB7-4AAC-9E42-ED7D5380A81D}"
EndProject
Project("{FAE04EC0-301F-11D3-BF4B-00C04F79EFBC}") = "Prime Triangle", "Prime Triangle\Prime Triangle.csproj", "{8ACA8A94-F230-4F85-9B34-C4CC670B04E1}"
EndProject
Project("{FAE04EC0-301F-11D3-BF4B-00C04F79EFBC}") = "Balanced Numbers", "Balanced Numbers\Balanced Numbers.csproj", "{338DAABE-9B0C-43E4-8989-5B85FD180332}"
EndProject
Global
	GlobalSection(SolutionConfigurationPlatforms) = preSolution
		Debug|Any CPU = Debug|Any CPU
		Release|Any CPU = Release|Any CPU
	EndGlobalSection
	GlobalSection(ProjectConfigurationPlatforms) = postSolution
		{1641609B-CBB7-4AAC-9E42-ED7D5380A81D}.Debug|Any CPU.ActiveCfg = Debug|Any CPU
		{1641609B-CBB7-4AAC-9E42-ED7D5380A81D}.Debug|Any CPU.Build.0 = Debug|Any CPU
		{1641609B-CBB7-4AAC-9E42-ED7D5380A81D}.Release|Any CPU.ActiveCfg = Release|Any CPU
		{1641609B-CBB7-4AAC-9E42-ED7D5380A81D}.Release|Any CPU.Build.0 = Release|Any CPU
		{8ACA8A94-F230-4F85-9B34-C4CC670B04E1}.Debug|Any CPU.ActiveCfg = Debug|Any CPU
		{8ACA8A94-F230-4F85-9B34-C4CC670B04E1}.Debug|Any CPU.Build.0 = Debug|Any CPU
		{8ACA8A94-F230-4F85-9B34-C4CC670B04E1}.Release|Any CPU.ActiveCfg = Release|Any CPU
		{8ACA8A94-F230-4F85-9B34-C4CC670B04E1}.Release|Any CPU.Build.0 = Release|Any CPU
		{338DAABE-9B0C-43E4-8989-5B85FD180332}.Debug|Any CPU.ActiveCfg = Debug|Any CPU
		{338DAABE-9B0C-43E4-8989-5B85FD180332}.Debug|Any CPU.Build.0 = Debug|Any CPU
		{338DAABE-9B0C-43E4-8989-5B85FD180332}.Release|Any CPU.ActiveCfg = Release|Any CPU
		{338DAABE-9B0C-43E4-8989-5B85FD180332}.Release|Any CPU.Build.0 = Release|Any CPU
	EndGlobalSection
	GlobalSection(SolutionProperties) = preSolution
		HideSolutionNode = FALSE
	EndGlobalSection
	GlobalSection(ExtensibilityGlobals) = postSolution
		SolutionGuid = {920FC507-27EE-49EA-A1EB-D566E74D5275}
	EndGlobalSection
EndGlobal
