
Microsoft Visual Studio Solution File, Format Version 12.00
# Visual Studio Version 16
VisualStudioVersion = 16.0.30804.86
MinimumVisualStudioVersion = 10.0.40219.1
Project("{FAE04EC0-301F-11D3-BF4B-00C04F79EFBC}") = "01.Reverse Array", "01.Reverse Array\01.Reverse Array.csproj", "{81DC269D-9EBC-4343-B694-A143A8531C25}"
EndProject
Project("{FAE04EC0-301F-11D3-BF4B-00C04F79EFBC}") = "02.Symmetric Arrays", "02.Symmetric Arrays\02.Symmetric Arrays.csproj", "{B64CCB96-39E4-4309-B3D6-2CE2F710209F}"
EndProject
Project("{FAE04EC0-301F-11D3-BF4B-00C04F79EFBC}") = "03.Above the Main Diagonal", "03.Above the Main Diagonal\03.Above the Main Diagonal.csproj", "{6A89D4D8-5469-4BCF-BC8F-69CED01F0B1B}"
EndProject
Project("{FAE04EC0-301F-11D3-BF4B-00C04F79EFBC}") = "04.Above the Main Diagonal 2", "04.Above the Main Diagonal 2\04.Above the Main Diagonal 2.csproj", "{15442ACF-11E0-4A38-99FD-468FF9270CED}"
EndProject
Project("{FAE04EC0-301F-11D3-BF4B-00C04F79EFBC}") = "05.Three Groups", "05.Three Groups\05.Three Groups.csproj", "{B80D56A8-770F-412D-9F19-71FAA7D551A4}"
EndProject
Global
	GlobalSection(SolutionConfigurationPlatforms) = preSolution
		Debug|Any CPU = Debug|Any CPU
		Release|Any CPU = Release|Any CPU
	EndGlobalSection
	GlobalSection(ProjectConfigurationPlatforms) = postSolution
		{81DC269D-9EBC-4343-B694-A143A8531C25}.Debug|Any CPU.ActiveCfg = Debug|Any CPU
		{81DC269D-9EBC-4343-B694-A143A8531C25}.Debug|Any CPU.Build.0 = Debug|Any CPU
		{81DC269D-9EBC-4343-B694-A143A8531C25}.Release|Any CPU.ActiveCfg = Release|Any CPU
		{81DC269D-9EBC-4343-B694-A143A8531C25}.Release|Any CPU.Build.0 = Release|Any CPU
		{B64CCB96-39E4-4309-B3D6-2CE2F710209F}.Debug|Any CPU.ActiveCfg = Debug|Any CPU
		{B64CCB96-39E4-4309-B3D6-2CE2F710209F}.Debug|Any CPU.Build.0 = Debug|Any CPU
		{B64CCB96-39E4-4309-B3D6-2CE2F710209F}.Release|Any CPU.ActiveCfg = Release|Any CPU
		{B64CCB96-39E4-4309-B3D6-2CE2F710209F}.Release|Any CPU.Build.0 = Release|Any CPU
		{6A89D4D8-5469-4BCF-BC8F-69CED01F0B1B}.Debug|Any CPU.ActiveCfg = Debug|Any CPU
		{6A89D4D8-5469-4BCF-BC8F-69CED01F0B1B}.Debug|Any CPU.Build.0 = Debug|Any CPU
		{6A89D4D8-5469-4BCF-BC8F-69CED01F0B1B}.Release|Any CPU.ActiveCfg = Release|Any CPU
		{6A89D4D8-5469-4BCF-BC8F-69CED01F0B1B}.Release|Any CPU.Build.0 = Release|Any CPU
		{15442ACF-11E0-4A38-99FD-468FF9270CED}.Debug|Any CPU.ActiveCfg = Debug|Any CPU
		{15442ACF-11E0-4A38-99FD-468FF9270CED}.Debug|Any CPU.Build.0 = Debug|Any CPU
		{15442ACF-11E0-4A38-99FD-468FF9270CED}.Release|Any CPU.ActiveCfg = Release|Any CPU
		{15442ACF-11E0-4A38-99FD-468FF9270CED}.Release|Any CPU.Build.0 = Release|Any CPU
		{B80D56A8-770F-412D-9F19-71FAA7D551A4}.Debug|Any CPU.ActiveCfg = Debug|Any CPU
		{B80D56A8-770F-412D-9F19-71FAA7D551A4}.Debug|Any CPU.Build.0 = Debug|Any CPU
		{B80D56A8-770F-412D-9F19-71FAA7D551A4}.Release|Any CPU.ActiveCfg = Release|Any CPU
		{B80D56A8-770F-412D-9F19-71FAA7D551A4}.Release|Any CPU.Build.0 = Release|Any CPU
	EndGlobalSection
	GlobalSection(SolutionProperties) = preSolution
		HideSolutionNode = FALSE
	EndGlobalSection
	GlobalSection(ExtensibilityGlobals) = postSolution
		SolutionGuid = {A2D4A210-E482-43EE-BA14-993B3BAF50EC}
	EndGlobalSection
EndGlobal
